// !$*UTF8*$!
{
	archiveVersion = 1;
	classes = {
	};
	objectVersion = 55;
	objects = {

/* Begin PBXBuildFile section */
		3F3C3D692880703800A4A36F /* TextViews.swift in Sources */ = {isa = PBXBuildFile; fileRef = 3F3C3D682880703800A4A36F /* TextViews.swift */; };
		3F3C3D6B2885B79800A4A36F /* Shapes.swift in Sources */ = {isa = PBXBuildFile; fileRef = 3F3C3D6A2885B79800A4A36F /* Shapes.swift */; };
		3F3C3D6D2885BC2500A4A36F /* RoundViews.swift in Sources */ = {isa = PBXBuildFile; fileRef = 3F3C3D6C2885BC2500A4A36F /* RoundViews.swift */; };
		3F3C3D6F2885E07600A4A36F /* BackgroundView.swift in Sources */ = {isa = PBXBuildFile; fileRef = 3F3C3D6E2885E07600A4A36F /* BackgroundView.swift */; };
		3F411ACB287CB91100B82292 /* Game.swift in Sources */ = {isa = PBXBuildFile; fileRef = 3F411ACA287CB91100B82292 /* Game.swift */; };
		3FAC2E7E286B438E00DFF069 /* BulleyesApp.swift in Sources */ = {isa = PBXBuildFile; fileRef = 3FAC2E7D286B438E00DFF069 /* BulleyesApp.swift */; };
		3FAC2E80286B438E00DFF069 /* ContentView.swift in Sources */ = {isa = PBXBuildFile; fileRef = 3FAC2E7F286B438E00DFF069 /* ContentView.swift */; };
		3FAC2E82286B439100DFF069 /* Assets.xcassets in Resources */ = {isa = PBXBuildFile; fileRef = 3FAC2E81286B439100DFF069 /* Assets.xcassets */; };
		3FAC2E85286B439100DFF069 /* Preview Assets.xcassets in Resources */ = {isa = PBXBuildFile; fileRef = 3FAC2E84286B439100DFF069 /* Preview Assets.xcassets */; };
		3FAC2E8F286B439100DFF069 /* BulleyesTests.swift in Sources */ = {isa = PBXBuildFile; fileRef = 3FAC2E8E286B439100DFF069 /* BulleyesTests.swift */; };
		3FAC2E99286B439100DFF069 /* BulleyesUITests.swift in Sources */ = {isa = PBXBuildFile; fileRef = 3FAC2E98286B439100DFF069 /* BulleyesUITests.swift */; };
		3FAC2E9B286B439200DFF069 /* BulleyesUITestsLaunchTests.swift in Sources */ = {isa = PBXBuildFile; fileRef = 3FAC2E9A286B439200DFF069 /* BulleyesUITestsLaunchTests.swift */; };
		3FCF8F3B288B082600B2FF2E /* PointsView.swift in Sources */ = {isa = PBXBuildFile; fileRef = 3FCF8F3A288B082600B2FF2E /* PointsView.swift */; };
		3FCF8F3D288B42EF00B2FF2E /* Constants.swift in Sources */ = {isa = PBXBuildFile; fileRef = 3FCF8F3C288B42EE00B2FF2E /* Constants.swift */; };
		3FCF8F3F288EE94A00B2FF2E /* LeaderboardView.swift in Sources */ = {isa = PBXBuildFile; fileRef = 3FCF8F3E288EE94A00B2FF2E /* LeaderboardView.swift */; };
		3FDFAF84289425540011F58C /* Dark mode.gif in Resources */ = {isa = PBXBuildFile; fileRef = 3FDFAF82289425530011F58C /* Dark mode.gif */; };
		3FDFAF85289425540011F58C /* White mode.gif in Resources */ = {isa = PBXBuildFile; fileRef = 3FDFAF83289425540011F58C /* White mode.gif */; };
/* End PBXBuildFile section */

/* Begin PBXContainerItemProxy section */
		3FAC2E8B286B439100DFF069 /* PBXContainerItemProxy */ = {
			isa = PBXContainerItemProxy;
			containerPortal = 3FAC2E72286B438E00DFF069 /* Project object */;
			proxyType = 1;
			remoteGlobalIDString = 3FAC2E79286B438E00DFF069;
			remoteInfo = Bulleyes;
		};
		3FAC2E95286B439100DFF069 /* PBXContainerItemProxy */ = {
			isa = PBXContainerItemProxy;
			containerPortal = 3FAC2E72286B438E00DFF069 /* Project object */;
			proxyType = 1;
			remoteGlobalIDString = 3FAC2E79286B438E00DFF069;
			remoteInfo = Bulleyes;
		};
/* End PBXContainerItemProxy section */

/* Begin PBXFileReference section */
		3F3C3D682880703800A4A36F /* TextViews.swift */ = {isa = PBXFileReference; lastKnownFileType = sourcecode.swift; path = TextViews.swift; sourceTree = "<group>"; };
		3F3C3D6A2885B79800A4A36F /* Shapes.swift */ = {isa = PBXFileReference; lastKnownFileType = sourcecode.swift; path = Shapes.swift; sourceTree = "<group>"; };
		3F3C3D6C2885BC2500A4A36F /* RoundViews.swift */ = {isa = PBXFileReference; lastKnownFileType = sourcecode.swift; path = RoundViews.swift; sourceTree = "<group>"; };
		3F3C3D6E2885E07600A4A36F /* BackgroundView.swift */ = {isa = PBXFileReference; lastKnownFileType = sourcecode.swift; path = BackgroundView.swift; sourceTree = "<group>"; };
		3F411ACA287CB91100B82292 /* Game.swift */ = {isa = PBXFileReference; lastKnownFileType = sourcecode.swift; path = Game.swift; sourceTree = "<group>"; };
		3FAC2E7A286B438E00DFF069 /* Bulleyes.app */ = {isa = PBXFileReference; explicitFileType = wrapper.application; includeInIndex = 0; path = Bulleyes.app; sourceTree = BUILT_PRODUCTS_DIR; };
		3FAC2E7D286B438E00DFF069 /* BulleyesApp.swift */ = {isa = PBXFileReference; lastKnownFileType = sourcecode.swift; path = BulleyesApp.swift; sourceTree = "<group>"; };
		3FAC2E7F286B438E00DFF069 /* ContentView.swift */ = {isa = PBXFileReference; lastKnownFileType = sourcecode.swift; path = ContentView.swift; sourceTree = "<group>"; };
		3FAC2E81286B439100DFF069 /* Assets.xcassets */ = {isa = PBXFileReference; lastKnownFileType = folder.assetcatalog; path = Assets.xcassets; sourceTree = "<group>"; };
		3FAC2E84286B439100DFF069 /* Preview Assets.xcassets */ = {isa = PBXFileReference; lastKnownFileType = folder.assetcatalog; path = "Preview Assets.xcassets"; sourceTree = "<group>"; };
		3FAC2E8A286B439100DFF069 /* BulleyesTests.xctest */ = {isa = PBXFileReference; explicitFileType = wrapper.cfbundle; includeInIndex = 0; path = BulleyesTests.xctest; sourceTree = BUILT_PRODUCTS_DIR; };
		3FAC2E8E286B439100DFF069 /* BulleyesTests.swift */ = {isa = PBXFileReference; lastKnownFileType = sourcecode.swift; path = BulleyesTests.swift; sourceTree = "<group>"; };
		3FAC2E94286B439100DFF069 /* BulleyesUITests.xctest */ = {isa = PBXFileReference; explicitFileType = wrapper.cfbundle; includeInIndex = 0; path = BulleyesUITests.xctest; sourceTree = BUILT_PRODUCTS_DIR; };
		3FAC2E98286B439100DFF069 /* BulleyesUITests.swift */ = {isa = PBXFileReference; lastKnownFileType = sourcecode.swift; path = BulleyesUITests.swift; sourceTree = "<group>"; };
		3FAC2E9A286B439200DFF069 /* BulleyesUITestsLaunchTests.swift */ = {isa = PBXFileReference; lastKnownFileType = sourcecode.swift; path = BulleyesUITestsLaunchTests.swift; sourceTree = "<group>"; };
		3FCF8F3A288B082600B2FF2E /* PointsView.swift */ = {isa = PBXFileReference; lastKnownFileType = sourcecode.swift; path = PointsView.swift; sourceTree = "<group>"; };
		3FCF8F3C288B42EE00B2FF2E /* Constants.swift */ = {isa = PBXFileReference; lastKnownFileType = sourcecode.swift; path = Constants.swift; sourceTree = "<group>"; };
		3FCF8F3E288EE94A00B2FF2E /* LeaderboardView.swift */ = {isa = PBXFileReference; lastKnownFileType = sourcecode.swift; path = LeaderboardView.swift; sourceTree = "<group>"; };
		3FDFAF802891B9630011F58C /* Simulator Screen Recording - iPhone 11 Pro - 2022-07-27 at 14.17.16.mp4 */ = {isa = PBXFileReference; lastKnownFileType = file; path = "Simulator Screen Recording - iPhone 11 Pro - 2022-07-27 at 14.17.16.mp4"; sourceTree = "<group>"; };
		3FDFAF812891BA560011F58C /* Simulator Screen Recording - iPhone 11 Pro - 2022-07-27 at 14.23.45.mp4 */ = {isa = PBXFileReference; lastKnownFileType = file; path = "Simulator Screen Recording - iPhone 11 Pro - 2022-07-27 at 14.23.45.mp4"; sourceTree = "<group>"; };
		3FDFAF82289425530011F58C /* Dark mode.gif */ = {isa = PBXFileReference; lastKnownFileType = image.gif; path = "Dark mode.gif"; sourceTree = "<group>"; };
		3FDFAF83289425540011F58C /* White mode.gif */ = {isa = PBXFileReference; lastKnownFileType = image.gif; path = "White mode.gif"; sourceTree = "<group>"; };
/* End PBXFileReference section */

/* Begin PBXFrameworksBuildPhase section */
		3FAC2E77286B438E00DFF069 /* Frameworks */ = {
			isa = PBXFrameworksBuildPhase;
			buildActionMask = 2147483647;
			files = (
			);
			runOnlyForDeploymentPostprocessing = 0;
		};
		3FAC2E87286B439100DFF069 /* Frameworks */ = {
			isa = PBXFrameworksBuildPhase;
			buildActionMask = 2147483647;
			files = (
			);
			runOnlyForDeploymentPostprocessing = 0;
		};
		3FAC2E91286B439100DFF069 /* Frameworks */ = {
			isa = PBXFrameworksBuildPhase;
			buildActionMask = 2147483647;
			files = (
			);
			runOnlyForDeploymentPostprocessing = 0;
		};
/* End PBXFrameworksBuildPhase section */

/* Begin PBXGroup section */
		3F411AC7287CB3A700B82292 /* Models */ = {
			isa = PBXGroup;
			children = (
				3F411ACA287CB91100B82292 /* Game.swift */,
				3FCF8F3C288B42EE00B2FF2E /* Constants.swift */,
			);
			path = Models;
			sourceTree = "<group>";
		};
		3F411AC8287CB3D400B82292 /* App */ = {
			isa = PBXGroup;
			children = (
				3FAC2E7D286B438E00DFF069 /* BulleyesApp.swift */,
				3FAC2E81286B439100DFF069 /* Assets.xcassets */,
			);
			path = App;
			sourceTree = "<group>";
		};
		3F411AC9287CB3DB00B82292 /* Views */ = {
			isa = PBXGroup;
			children = (
				3FAC2E7F286B438E00DFF069 /* ContentView.swift */,
				3F3C3D682880703800A4A36F /* TextViews.swift */,
				3F3C3D6A2885B79800A4A36F /* Shapes.swift */,
				3F3C3D6C2885BC2500A4A36F /* RoundViews.swift */,
				3F3C3D6E2885E07600A4A36F /* BackgroundView.swift */,
				3FCF8F3A288B082600B2FF2E /* PointsView.swift */,
				3FCF8F3E288EE94A00B2FF2E /* LeaderboardView.swift */,
			);
			path = Views;
			sourceTree = "<group>";
		};
		3FAC2E71286B438E00DFF069 = {
			isa = PBXGroup;
			children = (
				3FAC2E7C286B438E00DFF069 /* Bulleyes */,
				3FAC2E8D286B439100DFF069 /* BulleyesTests */,
				3FAC2E97286B439100DFF069 /* BulleyesUITests */,
				3FAC2E7B286B438E00DFF069 /* Products */,
			);
			sourceTree = "<group>";
		};
		3FAC2E7B286B438E00DFF069 /* Products */ = {
			isa = PBXGroup;
			children = (
				3FAC2E7A286B438E00DFF069 /* Bulleyes.app */,
				3FAC2E8A286B439100DFF069 /* BulleyesTests.xctest */,
				3FAC2E94286B439100DFF069 /* BulleyesUITests.xctest */,
			);
			name = Products;
			sourceTree = "<group>";
		};
		3FAC2E7C286B438E00DFF069 /* Bulleyes */ = {
			isa = PBXGroup;
			children = (
				3FDFAF7E2891B9360011F58C /* App Demo  */,
				3F411AC9287CB3DB00B82292 /* Views */,
				3F411AC8287CB3D400B82292 /* App */,
				3F411AC7287CB3A700B82292 /* Models */,
				3FAC2E83286B439100DFF069 /* Preview Content */,
			);
			path = Bulleyes;
			sourceTree = "<group>";
		};
		3FAC2E83286B439100DFF069 /* Preview Content */ = {
			isa = PBXGroup;
			children = (
				3FAC2E84286B439100DFF069 /* Preview Assets.xcassets */,
			);
			path = "Preview Content";
			sourceTree = "<group>";
		};
		3FAC2E8D286B439100DFF069 /* BulleyesTests */ = {
			isa = PBXGroup;
			children = (
				3FAC2E8E286B439100DFF069 /* BulleyesTests.swift */,
			);
			path = BulleyesTests;
			sourceTree = "<group>";
		};
		3FAC2E97286B439100DFF069 /* BulleyesUITests */ = {
			isa = PBXGroup;
			children = (
				3FAC2E98286B439100DFF069 /* BulleyesUITests.swift */,
				3FAC2E9A286B439200DFF069 /* BulleyesUITestsLaunchTests.swift */,
			);
			path = BulleyesUITests;
			sourceTree = "<group>";
		};
		3FDFAF7E2891B9360011F58C /* App Demo  */ = {
			isa = PBXGroup;
			children = (
				3FDFAF82289425530011F58C /* Dark mode.gif */,
				3FDFAF83289425540011F58C /* White mode.gif */,
				3FDFAF802891B9630011F58C /* Simulator Screen Recording - iPhone 11 Pro - 2022-07-27 at 14.17.16.mp4 */,
				3FDFAF812891BA560011F58C /* Simulator Screen Recording - iPhone 11 Pro - 2022-07-27 at 14.23.45.mp4 */,
			);
			path = "App Demo ";
			sourceTree = "<group>";
		};
/* End PBXGroup section */

/* Begin PBXNativeTarget section */
		3FAC2E79286B438E00DFF069 /* Bulleyes */ = {
			isa = PBXNativeTarget;
			buildConfigurationList = 3FAC2E9E286B439200DFF069 /* Build configuration list for PBXNativeTarget "Bulleyes" */;
			buildPhases = (
				3FAC2E76286B438E00DFF069 /* Sources */,
				3FAC2E77286B438E00DFF069 /* Frameworks */,
				3FAC2E78286B438E00DFF069 /* Resources */,
			);
			buildRules = (
			);
			dependencies = (
			);
			name = Bulleyes;
			productName = Bulleyes;
			productReference = 3FAC2E7A286B438E00DFF069 /* Bulleyes.app */;
			productType = "com.apple.product-type.application";
		};
		3FAC2E89286B439100DFF069 /* BulleyesTests */ = {
			isa = PBXNativeTarget;
			buildConfigurationList = 3FAC2EA1286B439200DFF069 /* Build configuration list for PBXNativeTarget "BulleyesTests" */;
			buildPhases = (
				3FAC2E86286B439100DFF069 /* Sources */,
				3FAC2E87286B439100DFF069 /* Frameworks */,
				3FAC2E88286B439100DFF069 /* Resources */,
			);
			buildRules = (
			);
			dependencies = (
				3FAC2E8C286B439100DFF069 /* PBXTargetDependency */,
			);
			name = BulleyesTests;
			productName = BulleyesTests;
			productReference = 3FAC2E8A286B439100DFF069 /* BulleyesTests.xctest */;
			productType = "com.apple.product-type.bundle.unit-test";
		};
		3FAC2E93286B439100DFF069 /* BulleyesUITests */ = {
			isa = PBXNativeTarget;
			buildConfigurationList = 3FAC2EA4286B439200DFF069 /* Build configuration list for PBXNativeTarget "BulleyesUITests" */;
			buildPhases = (
				3FAC2E90286B439100DFF069 /* Sources */,
				3FAC2E91286B439100DFF069 /* Frameworks */,
				3FAC2E92286B439100DFF069 /* Resources */,
			);
			buildRules = (
			);
			dependencies = (
				3FAC2E96286B439100DFF069 /* PBXTargetDependency */,
			);
			name = BulleyesUITests;
			productName = BulleyesUITests;
			productReference = 3FAC2E94286B439100DFF069 /* BulleyesUITests.xctest */;
			productType = "com.apple.product-type.bundle.ui-testing";
		};
/* End PBXNativeTarget section */

/* Begin PBXProject section */
		3FAC2E72286B438E00DFF069 /* Project object */ = {
			isa = PBXProject;
			attributes = {
				BuildIndependentTargetsInParallel = 1;
				LastSwiftUpdateCheck = 1340;
				LastUpgradeCheck = 1340;
				TargetAttributes = {
					3FAC2E79286B438E00DFF069 = {
						CreatedOnToolsVersion = 13.4.1;
					};
					3FAC2E89286B439100DFF069 = {
						CreatedOnToolsVersion = 13.4.1;
						TestTargetID = 3FAC2E79286B438E00DFF069;
					};
					3FAC2E93286B439100DFF069 = {
						CreatedOnToolsVersion = 13.4.1;
						TestTargetID = 3FAC2E79286B438E00DFF069;
					};
				};
			};
			buildConfigurationList = 3FAC2E75286B438E00DFF069 /* Build configuration list for PBXProject "Bulleyes" */;
			compatibilityVersion = "Xcode 13.0";
			developmentRegion = en;
			hasScannedForEncodings = 0;
			knownRegions = (
				en,
				Base,
			);
			mainGroup = 3FAC2E71286B438E00DFF069;
			productRefGroup = 3FAC2E7B286B438E00DFF069 /* Products */;
			projectDirPath = "";
			projectRoot = "";
			targets = (
				3FAC2E79286B438E00DFF069 /* Bulleyes */,
				3FAC2E89286B439100DFF069 /* BulleyesTests */,
				3FAC2E93286B439100DFF069 /* BulleyesUITests */,
			);
		};
/* End PBXProject section */

/* Begin PBXResourcesBuildPhase section */
		3FAC2E78286B438E00DFF069 /* Resources */ = {
			isa = PBXResourcesBuildPhase;
			buildActionMask = 2147483647;
			files = (
				3FDFAF85289425540011F58C /* White mode.gif in Resources */,
				3FAC2E85286B439100DFF069 /* Preview Assets.xcassets in Resources */,
				3FDFAF84289425540011F58C /* Dark mode.gif in Resources */,
				3FAC2E82286B439100DFF069 /* Assets.xcassets in Resources */,
			);
			runOnlyForDeploymentPostprocessing = 0;
		};
		3FAC2E88286B439100DFF069 /* Resources */ = {
			isa = PBXResourcesBuildPhase;
			buildActionMask = 2147483647;
			files = (
			);
			runOnlyForDeploymentPostprocessing = 0;
		};
		3FAC2E92286B439100DFF069 /* Resources */ = {
			isa = PBXResourcesBuildPhase;
			buildActionMask = 2147483647;
			files = (
			);
			runOnlyForDeploymentPostprocessing = 0;
		};
/* End PBXResourcesBuildPhase section */

/* Begin PBXSourcesBuildPhase section */
		3FAC2E76286B438E00DFF069 /* Sources */ = {
			isa = PBXSourcesBuildPhase;
			buildActionMask = 2147483647;
			files = (
				3FCF8F3F288EE94A00B2FF2E /* LeaderboardView.swift in Sources */,
				3FAC2E80286B438E00DFF069 /* ContentView.swift in Sources */,
				3F3C3D692880703800A4A36F /* TextViews.swift in Sources */,
				3F3C3D6B2885B79800A4A36F /* Shapes.swift in Sources */,
				3FCF8F3B288B082600B2FF2E /* PointsView.swift in Sources */,
				3F3C3D6F2885E07600A4A36F /* BackgroundView.swift in Sources */,
				3F411ACB287CB91100B82292 /* Game.swift in Sources */,
				3FCF8F3D288B42EF00B2FF2E /* Constants.swift in Sources */,
				3FAC2E7E286B438E00DFF069 /* BulleyesApp.swift in Sources */,
				3F3C3D6D2885BC2500A4A36F /* RoundViews.swift in Sources */,
			);
			runOnlyForDeploymentPostprocessing = 0;
		};
		3FAC2E86286B439100DFF069 /* Sources */ = {
			isa = PBXSourcesBuildPhase;
			buildActionMask = 2147483647;
			files = (
				3FAC2E8F286B439100DFF069 /* BulleyesTests.swift in Sources */,
			);
			runOnlyForDeploymentPostprocessing = 0;
		};
		3FAC2E90286B439100DFF069 /* Sources */ = {
			isa = PBXSourcesBuildPhase;
			buildActionMask = 2147483647;
			files = (
				3FAC2E9B286B439200DFF069 /* BulleyesUITestsLaunchTests.swift in Sources */,
				3FAC2E99286B439100DFF069 /* BulleyesUITests.swift in Sources */,
			);
			runOnlyForDeploymentPostprocessing = 0;
		};
/* End PBXSourcesBuildPhase section */

/* Begin PBXTargetDependency section */
		3FAC2E8C286B439100DFF069 /* PBXTargetDependency */ = {
			isa = PBXTargetDependency;
			target = 3FAC2E79286B438E00DFF069 /* Bulleyes */;
			targetProxy = 3FAC2E8B286B439100DFF069 /* PBXContainerItemProxy */;
		};
		3FAC2E96286B439100DFF069 /* PBXTargetDependency */ = {
			isa = PBXTargetDependency;
			target = 3FAC2E79286B438E00DFF069 /* Bulleyes */;
			targetProxy = 3FAC2E95286B439100DFF069 /* PBXContainerItemProxy */;
		};
/* End PBXTargetDependency section */

/* Begin XCBuildConfiguration section */
		3FAC2E9C286B439200DFF069 /* Debug */ = {
			isa = XCBuildConfiguration;
			buildSettings = {
				ALWAYS_SEARCH_USER_PATHS = NO;
				CLANG_ANALYZER_NONNULL = YES;
				CLANG_ANALYZER_NUMBER_OBJECT_CONVERSION = YES_AGGRESSIVE;
				CLANG_CXX_LANGUAGE_STANDARD = "gnu++17";
				CLANG_ENABLE_MODULES = YES;
				CLANG_ENABLE_OBJC_ARC = YES;
				CLANG_ENABLE_OBJC_WEAK = YES;
				CLANG_WARN_BLOCK_CAPTURE_AUTORELEASING = YES;
				CLANG_WARN_BOOL_CONVERSION = YES;
				CLANG_WARN_COMMA = YES;
				CLANG_WARN_CONSTANT_CONVERSION = YES;
				CLANG_WARN_DEPRECATED_OBJC_IMPLEMENTATIONS = YES;
				CLANG_WARN_DIRECT_OBJC_ISA_USAGE = YES_ERROR;
				CLANG_WARN_DOCUMENTATION_COMMENTS = YES;
				CLANG_WARN_EMPTY_BODY = YES;
				CLANG_WARN_ENUM_CONVERSION = YES;
				CLANG_WARN_INFINITE_RECURSION = YES;
				CLANG_WARN_INT_CONVERSION = YES;
				CLANG_WARN_NON_LITERAL_NULL_CONVERSION = YES;
				CLANG_WARN_OBJC_IMPLICIT_RETAIN_SELF = YES;
				CLANG_WARN_OBJC_LITERAL_CONVERSION = YES;
				CLANG_WARN_OBJC_ROOT_CLASS = YES_ERROR;
				CLANG_WARN_QUOTED_INCLUDE_IN_FRAMEWORK_HEADER = YES;
				CLANG_WARN_RANGE_LOOP_ANALYSIS = YES;
				CLANG_WARN_STRICT_PROTOTYPES = YES;
				CLANG_WARN_SUSPICIOUS_MOVE = YES;
				CLANG_WARN_UNGUARDED_AVAILABILITY = YES_AGGRESSIVE;
				CLANG_WARN_UNREACHABLE_CODE = YES;
				CLANG_WARN__DUPLICATE_METHOD_MATCH = YES;
				COPY_PHASE_STRIP = NO;
				DEBUG_INFORMATION_FORMAT = dwarf;
				ENABLE_STRICT_OBJC_MSGSEND = YES;
				ENABLE_TESTABILITY = YES;
				GCC_C_LANGUAGE_STANDARD = gnu11;
				GCC_DYNAMIC_NO_PIC = NO;
				GCC_NO_COMMON_BLOCKS = YES;
				GCC_OPTIMIZATION_LEVEL = 0;
				GCC_PREPROCESSOR_DEFINITIONS = (
					"DEBUG=1",
					"$(inherited)",
				);
				GCC_WARN_64_TO_32_BIT_CONVERSION = YES;
				GCC_WARN_ABOUT_RETURN_TYPE = YES_ERROR;
				GCC_WARN_UNDECLARED_SELECTOR = YES;
				GCC_WARN_UNINITIALIZED_AUTOS = YES_AGGRESSIVE;
				GCC_WARN_UNUSED_FUNCTION = YES;
				GCC_WARN_UNUSED_VARIABLE = YES;
				IPHONEOS_DEPLOYMENT_TARGET = 15.5;
				MTL_ENABLE_DEBUG_INFO = INCLUDE_SOURCE;
				MTL_FAST_MATH = YES;
				ONLY_ACTIVE_ARCH = YES;
				SDKROOT = iphoneos;
				SWIFT_ACTIVE_COMPILATION_CONDITIONS = DEBUG;
				SWIFT_OPTIMIZATION_LEVEL = "-Onone";
			};
			name = Debug;
		};
		3FAC2E9D286B439200DFF069 /* Release */ = {
			isa = XCBuildConfiguration;
			buildSettings = {
				ALWAYS_SEARCH_USER_PATHS = NO;
				CLANG_ANALYZER_NONNULL = YES;
				CLANG_ANALYZER_NUMBER_OBJECT_CONVERSION = YES_AGGRESSIVE;
				CLANG_CXX_LANGUAGE_STANDARD = "gnu++17";
				CLANG_ENABLE_MODULES = YES;
				CLANG_ENABLE_OBJC_ARC = YES;
				CLANG_ENABLE_OBJC_WEAK = YES;
				CLANG_WARN_BLOCK_CAPTURE_AUTORELEASING = YES;
				CLANG_WARN_BOOL_CONVERSION = YES;
				CLANG_WARN_COMMA = YES;
				CLANG_WARN_CONSTANT_CONVERSION = YES;
				CLANG_WARN_DEPRECATED_OBJC_IMPLEMENTATIONS = YES;
				CLANG_WARN_DIRECT_OBJC_ISA_USAGE = YES_ERROR;
				CLANG_WARN_DOCUMENTATION_COMMENTS = YES;
				CLANG_WARN_EMPTY_BODY = YES;
				CLANG_WARN_ENUM_CONVERSION = YES;
				CLANG_WARN_INFINITE_RECURSION = YES;
				CLANG_WARN_INT_CONVERSION = YES;
				CLANG_WARN_NON_LITERAL_NULL_CONVERSION = YES;
				CLANG_WARN_OBJC_IMPLICIT_RETAIN_SELF = YES;
				CLANG_WARN_OBJC_LITERAL_CONVERSION = YES;
				CLANG_WARN_OBJC_ROOT_CLASS = YES_ERROR;
				CLANG_WARN_QUOTED_INCLUDE_IN_FRAMEWORK_HEADER = YES;
				CLANG_WARN_RANGE_LOOP_ANALYSIS = YES;
				CLANG_WARN_STRICT_PROTOTYPES = YES;
				CLANG_WARN_SUSPICIOUS_MOVE = YES;
				CLANG_WARN_UNGUARDED_AVAILABILITY = YES_AGGRESSIVE;
				CLANG_WARN_UNREACHABLE_CODE = YES;
				CLANG_WARN__DUPLICATE_METHOD_MATCH = YES;
				COPY_PHASE_STRIP = NO;
				DEBUG_INFORMATION_FORMAT = "dwarf-with-dsym";
				ENABLE_NS_ASSERTIONS = NO;
				ENABLE_STRICT_OBJC_MSGSEND = YES;
				GCC_C_LANGUAGE_STANDARD = gnu11;
				GCC_NO_COMMON_BLOCKS = YES;
				GCC_WARN_64_TO_32_BIT_CONVERSION = YES;
				GCC_WARN_ABOUT_RETURN_TYPE = YES_ERROR;
				GCC_WARN_UNDECLARED_SELECTOR = YES;
				GCC_WARN_UNINITIALIZED_AUTOS = YES_AGGRESSIVE;
				GCC_WARN_UNUSED_FUNCTION = YES;
				GCC_WARN_UNUSED_VARIABLE = YES;
				IPHONEOS_DEPLOYMENT_TARGET = 15.5;
				MTL_ENABLE_DEBUG_INFO = NO;
				MTL_FAST_MATH = YES;
				SDKROOT = iphoneos;
				SWIFT_COMPILATION_MODE = wholemodule;
				SWIFT_OPTIMIZATION_LEVEL = "-O";
				VALIDATE_PRODUCT = YES;
			};
			name = Release;
		};
		3FAC2E9F286B439200DFF069 /* Debug */ = {
			isa = XCBuildConfiguration;
			buildSettings = {
				ASSETCATALOG_COMPILER_APPICON_NAME = AppIcon;
				ASSETCATALOG_COMPILER_GLOBAL_ACCENT_COLOR_NAME = AccentColor;
				CODE_SIGN_IDENTITY = "Apple Development";
				CODE_SIGN_STYLE = Automatic;
				CURRENT_PROJECT_VERSION = 1;
				DEVELOPMENT_ASSET_PATHS = "\"Bulleyes/Preview Content\"";
				DEVELOPMENT_TEAM = 5L67GNBD42;
				ENABLE_PREVIEWS = YES;
				GENERATE_INFOPLIST_FILE = YES;
				INFOPLIST_FILE = "";
				INFOPLIST_KEY_UIApplicationSceneManifest_Generation = YES;
				INFOPLIST_KEY_UIApplicationSupportsIndirectInputEvents = YES;
				INFOPLIST_KEY_UILaunchScreen_Generation = YES;
				INFOPLIST_KEY_UISupportedInterfaceOrientations_iPad = "Portrait\\ (bottom\\ home\\ button)\\  UIInterfaceOrientationPortraitUpsideDown UIInterfaceOrientationLandscapeLeft UIInterfaceOrientationLandscapeRight";
				INFOPLIST_KEY_UISupportedInterfaceOrientations_iPhone = "UIInterfaceOrientationPortrait UIInterfaceOrientationLandscapeLeft UIInterfaceOrientationLandscapeRight";
				LD_RUNPATH_SEARCH_PATHS = (
					"$(inherited)",
					"@executable_path/Frameworks",
				);
				MARKETING_VERSION = 1.0;
				PRODUCT_BUNDLE_IDENTIFIER = com.kimkim.Bulleyes;
				PRODUCT_NAME = "$(TARGET_NAME)";
				PROVISIONING_PROFILE_SPECIFIER = "";
				SWIFT_EMIT_LOC_STRINGS = YES;
				SWIFT_VERSION = 5.0;
				TARGETED_DEVICE_FAMILY = "1,2";
			};
			name = Debug;
		};
		3FAC2EA0286B439200DFF069 /* Release */ = {
			isa = XCBuildConfiguration;
			buildSettings = {
				ASSETCATALOG_COMPILER_APPICON_NAME = AppIcon;
				ASSETCATALOG_COMPILER_GLOBAL_ACCENT_COLOR_NAME = AccentColor;
				CODE_SIGN_IDENTITY = "Apple Development";
				CODE_SIGN_STYLE = Automatic;
				CURRENT_PROJECT_VERSION = 1;
				DEVELOPMENT_ASSET_PATHS = "\"Bulleyes/Preview Content\"";
				DEVELOPMENT_TEAM = 5L67GNBD42;
				ENABLE_PREVIEWS = YES;
				GENERATE_INFOPLIST_FILE = YES;
				INFOPLIST_FILE = "";
				INFOPLIST_KEY_UIApplicationSceneManifest_Generation = YES;
				INFOPLIST_KEY_UIApplicationSupportsIndirectInputEvents = YES;
				INFOPLIST_KEY_UILaunchScreen_Generation = YES;
				INFOPLIST_KEY_UISupportedInterfaceOrientations_iPad = "Portrait\\ (bottom\\ home\\ button)\\  UIInterfaceOrientationPortraitUpsideDown UIInterfaceOrientationLandscapeLeft UIInterfaceOrientationLandscapeRight";
				INFOPLIST_KEY_UISupportedInterfaceOrientations_iPhone = "UIInterfaceOrientationPortrait UIInterfaceOrientationLandscapeLeft UIInterfaceOrientationLandscapeRight";
				LD_RUNPATH_SEARCH_PATHS = (
					"$(inherited)",
					"@executable_path/Frameworks",
				);
				MARKETING_VERSION = 1.0;
				PRODUCT_BUNDLE_IDENTIFIER = com.kimkim.Bulleyes;
				PRODUCT_NAME = "$(TARGET_NAME)";
				PROVISIONING_PROFILE_SPECIFIER = "";
				SWIFT_EMIT_LOC_STRINGS = YES;
				SWIFT_VERSION = 5.0;
				TARGETED_DEVICE_FAMILY = "1,2";
			};
			name = Release;
		};
		3FAC2EA2286B439200DFF069 /* Debug */ = {
			isa = XCBuildConfiguration;
			buildSettings = {
				ALWAYS_EMBED_SWIFT_STANDARD_LIBRARIES = YES;
				BUNDLE_LOADER = "$(TEST_HOST)";
				CODE_SIGN_STYLE = Automatic;
				CURRENT_PROJECT_VERSION = 1;
				GENERATE_INFOPLIST_FILE = YES;
				IPHONEOS_DEPLOYMENT_TARGET = 15.5;
				MARKETING_VERSION = 1.0;
				PRODUCT_BUNDLE_IDENTIFIER = com.kimkim.BulleyesTests;
				PRODUCT_NAME = "$(TARGET_NAME)";
				SWIFT_EMIT_LOC_STRINGS = NO;
				SWIFT_VERSION = 5.0;
				TARGETED_DEVICE_FAMILY = "1,2";
				TEST_HOST = "$(BUILT_PRODUCTS_DIR)/Bulleyes.app/Bulleyes";
			};
			name = Debug;
		};
		3FAC2EA3286B439200DFF069 /* Release */ = {
			isa = XCBuildConfiguration;
			buildSettings = {
				ALWAYS_EMBED_SWIFT_STANDARD_LIBRARIES = YES;
				BUNDLE_LOADER = "$(TEST_HOST)";
				CODE_SIGN_STYLE = Automatic;
				CURRENT_PROJECT_VERSION = 1;
				GENERATE_INFOPLIST_FILE = YES;
				IPHONEOS_DEPLOYMENT_TARGET = 15.5;
				MARKETING_VERSION = 1.0;
				PRODUCT_BUNDLE_IDENTIFIER = com.kimkim.BulleyesTests;
				PRODUCT_NAME = "$(TARGET_NAME)";
				SWIFT_EMIT_LOC_STRINGS = NO;
				SWIFT_VERSION = 5.0;
				TARGETED_DEVICE_FAMILY = "1,2";
				TEST_HOST = "$(BUILT_PRODUCTS_DIR)/Bulleyes.app/Bulleyes";
			};
			name = Release;
		};
		3FAC2EA5286B439200DFF069 /* Debug */ = {
			isa = XCBuildConfiguration;
			buildSettings = {
				ALWAYS_EMBED_SWIFT_STANDARD_LIBRARIES = YES;
				CODE_SIGN_STYLE = Automatic;
				CURRENT_PROJECT_VERSION = 1;
				GENERATE_INFOPLIST_FILE = YES;
				MARKETING_VERSION = 1.0;
				PRODUCT_BUNDLE_IDENTIFIER = com.kimkim.BulleyesUITests;
				PRODUCT_NAME = "$(TARGET_NAME)";
				SWIFT_EMIT_LOC_STRINGS = NO;
				SWIFT_VERSION = 5.0;
				TARGETED_DEVICE_FAMILY = "1,2";
				TEST_TARGET_NAME = Bulleyes;
			};
			name = Debug;
		};
		3FAC2EA6286B439200DFF069 /* Release */ = {
			isa = XCBuildConfiguration;
			buildSettings = {
				ALWAYS_EMBED_SWIFT_STANDARD_LIBRARIES = YES;
				CODE_SIGN_STYLE = Automatic;
				CURRENT_PROJECT_VERSION = 1;
				GENERATE_INFOPLIST_FILE = YES;
				MARKETING_VERSION = 1.0;
				PRODUCT_BUNDLE_IDENTIFIER = com.kimkim.BulleyesUITests;
				PRODUCT_NAME = "$(TARGET_NAME)";
				SWIFT_EMIT_LOC_STRINGS = NO;
				SWIFT_VERSION = 5.0;
				TARGETED_DEVICE_FAMILY = "1,2";
				TEST_TARGET_NAME = Bulleyes;
			};
			name = Release;
		};
/* End XCBuildConfiguration section */

/* Begin XCConfigurationList section */
		3FAC2E75286B438E00DFF069 /* Build configuration list for PBXProject "Bulleyes" */ = {
			isa = XCConfigurationList;
			buildConfigurations = (
				3FAC2E9C286B439200DFF069 /* Debug */,
				3FAC2E9D286B439200DFF069 /* Release */,
			);
			defaultConfigurationIsVisible = 0;
			defaultConfigurationName = Release;
		};
		3FAC2E9E286B439200DFF069 /* Build configuration list for PBXNativeTarget "Bulleyes" */ = {
			isa = XCConfigurationList;
			buildConfigurations = (
				3FAC2E9F286B439200DFF069 /* Debug */,
				3FAC2EA0286B439200DFF069 /* Release */,
			);
			defaultConfigurationIsVisible = 0;
			defaultConfigurationName = Release;
		};
		3FAC2EA1286B439200DFF069 /* Build configuration list for PBXNativeTarget "BulleyesTests" */ = {
			isa = XCConfigurationList;
			buildConfigurations = (
				3FAC2EA2286B439200DFF069 /* Debug */,
				3FAC2EA3286B439200DFF069 /* Release */,
			);
			defaultConfigurationIsVisible = 0;
			defaultConfigurationName = Release;
		};
		3FAC2EA4286B439200DFF069 /* Build configuration list for PBXNativeTarget "BulleyesUITests" */ = {
			isa = XCConfigurationList;
			buildConfigurations = (
				3FAC2EA5286B439200DFF069 /* Debug */,
				3FAC2EA6286B439200DFF069 /* Release */,
			);
			defaultConfigurationIsVisible = 0;
			defaultConfigurationName = Release;
		};
/* End XCConfigurationList section */
	};
	rootObject = 3FAC2E72286B438E00DFF069 /* Project object */;
}
